
Microsoft Visual Studio Solution File, Format Version 12.00
# Visual Studio 2012
Project("{8BC9CEB8-8B4A-11D0-8D11-00A0C91BC942}") = "code", "code\code.vcxproj", "{F5BA2414-0693-463F-B08A-83334AE704A7}"
EndProject
Global
	GlobalSection(SolutionConfigurationPlatforms) = preSolution
		Debug|Win32 = Debug|Win32
		Release|Win32 = Release|Win32
	EndGlobalSection
	GlobalSection(ProjectConfigurationPlatforms) = postSolution
		{F5BA2414-0693-463F-B08A-83334AE704A7}.Debug|Win32.ActiveCfg = Release|Win32
		{F5BA2414-0693-463F-B08A-83334AE704A7}.Debug|Win32.Build.0 = Release|Win32
		{F5BA2414-0693-463F-B08A-83334AE704A7}.Debug|Win32.Deploy.0 = Release|Win32
		{F5BA2414-0693-463F-B08A-83334AE704A7}.Release|Win32.ActiveCfg = Release|Win32
		{F5BA2414-0693-463F-B08A-83334AE704A7}.Release|Win32.Build.0 = Release|Win32
		{F5BA2414-0693-463F-B08A-83334AE704A7}.Release|Win32.Deploy.0 = Release|Win32
	EndGlobalSection
	GlobalSection(SolutionProperties) = preSolution
		HideSolutionNode = FALSE
	EndGlobalSection
EndGlobal
